
Microsoft Visual Studio Solution File, Format Version 12.00
# Visual Studio 15
VisualStudioVersion = 15.0.27428.2015
MinimumVisualStudioVersion = 10.0.40219.1
Project("{2150E333-8FDC-42A3-9474-1A3956D46DE8}") = "src", "src", "{3476802B-2315-4171-8D2A-240B70A4A48F}"
EndProject
Project("{2150E333-8FDC-42A3-9474-1A3956D46DE8}") = "test", "test", "{BAB2F7CD-3FA4-4454-BE84-26EE7E2CC87C}"
EndProject
Project("{9A19103F-16F7-4668-BE54-9A1E7A4F7556}") = "FunctionalTests", "test\FunctionalTests\FunctionalTests.csproj", "{DCD3475C-FAEC-42FD-8B8B-50B8FC216B40}"
EndProject
Project("{2150E333-8FDC-42A3-9474-1A3956D46DE8}") = "WebApp", "WebApp", "{48135857-8802-49C9-A52B-AC308125F155}"
EndProject
Project("{9A19103F-16F7-4668-BE54-9A1E7A4F7556}") = "WebPushExample", "src\WebApp\WebPushExample\WebPushExample.csproj", "{D95D6D2F-804B-4F4D-8081-4F1ABB48913B}"
EndProject
Project("{2150E333-8FDC-42A3-9474-1A3956D46DE8}") = "Services", "Services", "{38C71036-E732-45D9-938A-941A4EC90F44}"
EndProject
Project("{2150E333-8FDC-42A3-9474-1A3956D46DE8}") = "BuildingBLocks", "BuildingBLocks", "{3767ED7D-6E10-406A-BAE4-1F03C192257F}"
EndProject
Project("{2150E333-8FDC-42A3-9474-1A3956D46DE8}") = "EventBus", "EventBus", "{D5890D2C-C6E8-4850-A147-5F9E756E469C}"
EndProject
Project("{2150E333-8FDC-42A3-9474-1A3956D46DE8}") = "Webhost", "Webhost", "{46BEF36B-8441-49E7-B8D5-44C08AB024EF}"
EndProject
Project("{9A19103F-16F7-4668-BE54-9A1E7A4F7556}") = "KitsorLab.BuildingBlocks.EventBus", "src\BuildingBlocks\EventBus\KitsorLab.BuildingBlocks.EventBus\KitsorLab.BuildingBlocks.EventBus.csproj", "{5C32CF9B-C31E-40E1-A0F0-CC3DFD05F3A9}"
EndProject
Project("{9A19103F-16F7-4668-BE54-9A1E7A4F7556}") = "KitsorLab.BuildingBlocks.EventBus.RabbitMQ", "src\BuildingBlocks\EventBus\KitsorLab.BuildingBlocks.EventBus.RabbitMQ\KitsorLab.BuildingBlocks.EventBus.RabbitMQ.csproj", "{32628E05-086B-4CEC-B26B-306B50AD9EE3}"
EndProject
Project("{9A19103F-16F7-4668-BE54-9A1E7A4F7556}") = "KitsorLab.BuildingBlocks.WebHost", "src\BuildingBlocks\Webhost\KitsorLab.BuildingBlocks.WebHost\KitsorLab.BuildingBlocks.WebHost.csproj", "{6B075C35-8D74-42F2-8631-673022CA6680}"
EndProject
Project("{2150E333-8FDC-42A3-9474-1A3956D46DE8}") = "PNS", "PNS", "{A6EE7364-9AA6-4423-A71B-462B638BD5F4}"
EndProject
Project("{9A19103F-16F7-4668-BE54-9A1E7A4F7556}") = "KitsorLab.PushServer.PNS.ApplePush", "src\Services\KitsorLab.PushServer.PNS.ApplePush\KitsorLab.PushServer.PNS.ApplePush.csproj", "{00F4A1E4-0F03-4E94-9E3E-F9066B4D199D}"
EndProject
Project("{9A19103F-16F7-4668-BE54-9A1E7A4F7556}") = "KitsorLab.PushServer.PNS.WebPush", "src\Services\KitsorLab.PushServer.PNS.WebPush\KitsorLab.PushServer.PNS.WebPush.csproj", "{8CB813C8-BC6D-4D73-870D-EC4DAC9F2E73}"
EndProject
Project("{2150E333-8FDC-42A3-9474-1A3956D46DE8}") = "PushServer", "PushServer", "{2BF3952D-4FBA-4ECF-9911-B20B358CC8DB}"
EndProject
Project("{9A19103F-16F7-4668-BE54-9A1E7A4F7556}") = "KitsorLab.PushServer.API", "src\Services\KitsorLab.PushServer.API\KitsorLab.PushServer.API.csproj", "{219792A5-7F65-48E0-839C-8910C1B167C7}"
EndProject
Project("{9A19103F-16F7-4668-BE54-9A1E7A4F7556}") = "KitsorLab.PushServer.BackgroudTasks", "src\Services\KitsorLab.PushServer.BackgroudTasks\KitsorLab.PushServer.BackgroudTasks.csproj", "{D6E3D98E-0695-43F8-859F-FB44DDCD48F3}"
EndProject
Project("{9A19103F-16F7-4668-BE54-9A1E7A4F7556}") = "KitsorLab.PushServer.Infastructure", "src\Services\KitsorLab.PushServer.Infastructure\KitsorLab.PushServer.Infastructure.csproj", "{5314FC29-20CF-418E-9E1F-51D731CF05AC}"
EndProject
Project("{9A19103F-16F7-4668-BE54-9A1E7A4F7556}") = "KitsorLab.PushServer.Kernel", "src\Services\KitsorLab.PushServer.Kernel\KitsorLab.PushServer.Kernel.csproj", "{D4770E1B-C00B-4D08-A338-69AF397CFB53}"
EndProject
Project("{2150E333-8FDC-42A3-9474-1A3956D46DE8}") = "Identity", "Identity", "{F3FCC574-3EFA-4198-BC99-AD3248714A9A}"
EndProject
Project("{9A19103F-16F7-4668-BE54-9A1E7A4F7556}") = "KitsorLab.PushServer.Identity.API", "src\Services\KitsorLab.PushServer.Identity.API\KitsorLab.PushServer.Identity.API.csproj", "{684D5D5E-42AF-4B28-9289-00B89EDE4BD4}"
EndProject
Project("{2150E333-8FDC-42A3-9474-1A3956D46DE8}") = "Solution Items", "Solution Items", "{7D3B8DD7-649D-48C2-AA49-DC02793D5C66}"
	ProjectSection(SolutionItems) = preProject
		README.md = README.md
	EndProjectSection
EndProject
Project("{FAE04EC0-301F-11D3-BF4B-00C04F79EFBC}") = "WebPushAdmin", "src\WebApp\WebPushAdmin\WebPushAdmin.csproj", "{7C0F0269-B020-4C60-BF19-CF7C919DC8C9}"
EndProject
Global
	GlobalSection(SolutionConfigurationPlatforms) = preSolution
		Debug|Any CPU = Debug|Any CPU
		Release|Any CPU = Release|Any CPU
	EndGlobalSection
	GlobalSection(ProjectConfigurationPlatforms) = postSolution
		{DCD3475C-FAEC-42FD-8B8B-50B8FC216B40}.Debug|Any CPU.ActiveCfg = Debug|Any CPU
		{DCD3475C-FAEC-42FD-8B8B-50B8FC216B40}.Debug|Any CPU.Build.0 = Debug|Any CPU
		{DCD3475C-FAEC-42FD-8B8B-50B8FC216B40}.Release|Any CPU.ActiveCfg = Release|Any CPU
		{DCD3475C-FAEC-42FD-8B8B-50B8FC216B40}.Release|Any CPU.Build.0 = Release|Any CPU
		{D95D6D2F-804B-4F4D-8081-4F1ABB48913B}.Debug|Any CPU.ActiveCfg = Debug|Any CPU
		{D95D6D2F-804B-4F4D-8081-4F1ABB48913B}.Debug|Any CPU.Build.0 = Debug|Any CPU
		{D95D6D2F-804B-4F4D-8081-4F1ABB48913B}.Release|Any CPU.ActiveCfg = Release|Any CPU
		{D95D6D2F-804B-4F4D-8081-4F1ABB48913B}.Release|Any CPU.Build.0 = Release|Any CPU
		{5C32CF9B-C31E-40E1-A0F0-CC3DFD05F3A9}.Debug|Any CPU.ActiveCfg = Debug|Any CPU
		{5C32CF9B-C31E-40E1-A0F0-CC3DFD05F3A9}.Debug|Any CPU.Build.0 = Debug|Any CPU
		{5C32CF9B-C31E-40E1-A0F0-CC3DFD05F3A9}.Release|Any CPU.ActiveCfg = Release|Any CPU
		{5C32CF9B-C31E-40E1-A0F0-CC3DFD05F3A9}.Release|Any CPU.Build.0 = Release|Any CPU
		{32628E05-086B-4CEC-B26B-306B50AD9EE3}.Debug|Any CPU.ActiveCfg = Debug|Any CPU
		{32628E05-086B-4CEC-B26B-306B50AD9EE3}.Debug|Any CPU.Build.0 = Debug|Any CPU
		{32628E05-086B-4CEC-B26B-306B50AD9EE3}.Release|Any CPU.ActiveCfg = Release|Any CPU
		{32628E05-086B-4CEC-B26B-306B50AD9EE3}.Release|Any CPU.Build.0 = Release|Any CPU
		{6B075C35-8D74-42F2-8631-673022CA6680}.Debug|Any CPU.ActiveCfg = Debug|Any CPU
		{6B075C35-8D74-42F2-8631-673022CA6680}.Debug|Any CPU.Build.0 = Debug|Any CPU
		{6B075C35-8D74-42F2-8631-673022CA6680}.Release|Any CPU.ActiveCfg = Release|Any CPU
		{6B075C35-8D74-42F2-8631-673022CA6680}.Release|Any CPU.Build.0 = Release|Any CPU
		{00F4A1E4-0F03-4E94-9E3E-F9066B4D199D}.Debug|Any CPU.ActiveCfg = Debug|Any CPU
		{00F4A1E4-0F03-4E94-9E3E-F9066B4D199D}.Debug|Any CPU.Build.0 = Debug|Any CPU
		{00F4A1E4-0F03-4E94-9E3E-F9066B4D199D}.Release|Any CPU.ActiveCfg = Release|Any CPU
		{00F4A1E4-0F03-4E94-9E3E-F9066B4D199D}.Release|Any CPU.Build.0 = Release|Any CPU
		{8CB813C8-BC6D-4D73-870D-EC4DAC9F2E73}.Debug|Any CPU.ActiveCfg = Debug|Any CPU
		{8CB813C8-BC6D-4D73-870D-EC4DAC9F2E73}.Debug|Any CPU.Build.0 = Debug|Any CPU
		{8CB813C8-BC6D-4D73-870D-EC4DAC9F2E73}.Release|Any CPU.ActiveCfg = Release|Any CPU
		{8CB813C8-BC6D-4D73-870D-EC4DAC9F2E73}.Release|Any CPU.Build.0 = Release|Any CPU
		{219792A5-7F65-48E0-839C-8910C1B167C7}.Debug|Any CPU.ActiveCfg = Debug|Any CPU
		{219792A5-7F65-48E0-839C-8910C1B167C7}.Debug|Any CPU.Build.0 = Debug|Any CPU
		{219792A5-7F65-48E0-839C-8910C1B167C7}.Release|Any CPU.ActiveCfg = Release|Any CPU
		{219792A5-7F65-48E0-839C-8910C1B167C7}.Release|Any CPU.Build.0 = Release|Any CPU
		{D6E3D98E-0695-43F8-859F-FB44DDCD48F3}.Debug|Any CPU.ActiveCfg = Debug|Any CPU
		{D6E3D98E-0695-43F8-859F-FB44DDCD48F3}.Debug|Any CPU.Build.0 = Debug|Any CPU
		{D6E3D98E-0695-43F8-859F-FB44DDCD48F3}.Release|Any CPU.ActiveCfg = Release|Any CPU
		{D6E3D98E-0695-43F8-859F-FB44DDCD48F3}.Release|Any CPU.Build.0 = Release|Any CPU
		{5314FC29-20CF-418E-9E1F-51D731CF05AC}.Debug|Any CPU.ActiveCfg = Debug|Any CPU
		{5314FC29-20CF-418E-9E1F-51D731CF05AC}.Debug|Any CPU.Build.0 = Debug|Any CPU
		{5314FC29-20CF-418E-9E1F-51D731CF05AC}.Release|Any CPU.ActiveCfg = Release|Any CPU
		{5314FC29-20CF-418E-9E1F-51D731CF05AC}.Release|Any CPU.Build.0 = Release|Any CPU
		{D4770E1B-C00B-4D08-A338-69AF397CFB53}.Debug|Any CPU.ActiveCfg = Debug|Any CPU
		{D4770E1B-C00B-4D08-A338-69AF397CFB53}.Debug|Any CPU.Build.0 = Debug|Any CPU
		{D4770E1B-C00B-4D08-A338-69AF397CFB53}.Release|Any CPU.ActiveCfg = Release|Any CPU
		{D4770E1B-C00B-4D08-A338-69AF397CFB53}.Release|Any CPU.Build.0 = Release|Any CPU
		{684D5D5E-42AF-4B28-9289-00B89EDE4BD4}.Debug|Any CPU.ActiveCfg = Debug|Any CPU
		{684D5D5E-42AF-4B28-9289-00B89EDE4BD4}.Debug|Any CPU.Build.0 = Debug|Any CPU
		{684D5D5E-42AF-4B28-9289-00B89EDE4BD4}.Release|Any CPU.ActiveCfg = Release|Any CPU
		{684D5D5E-42AF-4B28-9289-00B89EDE4BD4}.Release|Any CPU.Build.0 = Release|Any CPU
		{7C0F0269-B020-4C60-BF19-CF7C919DC8C9}.Debug|Any CPU.ActiveCfg = Debug|Any CPU
		{7C0F0269-B020-4C60-BF19-CF7C919DC8C9}.Debug|Any CPU.Build.0 = Debug|Any CPU
		{7C0F0269-B020-4C60-BF19-CF7C919DC8C9}.Release|Any CPU.ActiveCfg = Release|Any CPU
		{7C0F0269-B020-4C60-BF19-CF7C919DC8C9}.Release|Any CPU.Build.0 = Release|Any CPU
	EndGlobalSection
	GlobalSection(SolutionProperties) = preSolution
		HideSolutionNode = FALSE
	EndGlobalSection
	GlobalSection(NestedProjects) = preSolution
		{DCD3475C-FAEC-42FD-8B8B-50B8FC216B40} = {BAB2F7CD-3FA4-4454-BE84-26EE7E2CC87C}
		{48135857-8802-49C9-A52B-AC308125F155} = {3476802B-2315-4171-8D2A-240B70A4A48F}
		{D95D6D2F-804B-4F4D-8081-4F1ABB48913B} = {48135857-8802-49C9-A52B-AC308125F155}
		{38C71036-E732-45D9-938A-941A4EC90F44} = {3476802B-2315-4171-8D2A-240B70A4A48F}
		{3767ED7D-6E10-406A-BAE4-1F03C192257F} = {3476802B-2315-4171-8D2A-240B70A4A48F}
		{D5890D2C-C6E8-4850-A147-5F9E756E469C} = {3767ED7D-6E10-406A-BAE4-1F03C192257F}
		{46BEF36B-8441-49E7-B8D5-44C08AB024EF} = {3767ED7D-6E10-406A-BAE4-1F03C192257F}
		{5C32CF9B-C31E-40E1-A0F0-CC3DFD05F3A9} = {D5890D2C-C6E8-4850-A147-5F9E756E469C}
		{32628E05-086B-4CEC-B26B-306B50AD9EE3} = {D5890D2C-C6E8-4850-A147-5F9E756E469C}
		{6B075C35-8D74-42F2-8631-673022CA6680} = {46BEF36B-8441-49E7-B8D5-44C08AB024EF}
		{A6EE7364-9AA6-4423-A71B-462B638BD5F4} = {38C71036-E732-45D9-938A-941A4EC90F44}
		{00F4A1E4-0F03-4E94-9E3E-F9066B4D199D} = {A6EE7364-9AA6-4423-A71B-462B638BD5F4}
		{8CB813C8-BC6D-4D73-870D-EC4DAC9F2E73} = {A6EE7364-9AA6-4423-A71B-462B638BD5F4}
		{2BF3952D-4FBA-4ECF-9911-B20B358CC8DB} = {38C71036-E732-45D9-938A-941A4EC90F44}
		{219792A5-7F65-48E0-839C-8910C1B167C7} = {2BF3952D-4FBA-4ECF-9911-B20B358CC8DB}
		{D6E3D98E-0695-43F8-859F-FB44DDCD48F3} = {2BF3952D-4FBA-4ECF-9911-B20B358CC8DB}
		{5314FC29-20CF-418E-9E1F-51D731CF05AC} = {2BF3952D-4FBA-4ECF-9911-B20B358CC8DB}
		{D4770E1B-C00B-4D08-A338-69AF397CFB53} = {2BF3952D-4FBA-4ECF-9911-B20B358CC8DB}
		{F3FCC574-3EFA-4198-BC99-AD3248714A9A} = {38C71036-E732-45D9-938A-941A4EC90F44}
		{684D5D5E-42AF-4B28-9289-00B89EDE4BD4} = {F3FCC574-3EFA-4198-BC99-AD3248714A9A}
		{7C0F0269-B020-4C60-BF19-CF7C919DC8C9} = {48135857-8802-49C9-A52B-AC308125F155}
	EndGlobalSection
	GlobalSection(ExtensibilityGlobals) = postSolution
		SolutionGuid = {A3EA5C49-3F00-4CD6-BC82-D7A92E4525E9}
	EndGlobalSection
EndGlobal
